{
  "lockfileVersion": 1,
  "workspaces": {
    "": {
      "name": "lootably-offers-api-types",
      "devDependencies": {
        "typescript": "^5.6.2",
      },
    },
  },
  "packages": {
    "typescript": ["typescript@5.6.2", "", { "bin": { "tsc": "bin/tsc", "tsserver": "bin/tsserver" } }, "sha512-NW8ByodCSNCwZeghjN3o+JX5OFH0Ojg6sadjEKY4huZ52TqbJTJnDo5+Tw98lSy63NZvi4n+ez5m2u5d4PkZyw=="],
  }
}
